
Microsoft Visual Studio Solution File, Format Version 11.00
# Visual Studio 2010
Project("{FAE04EC0-301F-11D3-BF4B-00C04F79EFBC}") = "ReBound", "Assembly-CSharp-firstpass.csproj", "{69E4CB7B-05F6-243F-EBFC-377344075DE4}"
EndProject
Project("{FAE04EC0-301F-11D3-BF4B-00C04F79EFBC}") = "ReBound", "Assembly-CSharp.csproj", "{6D540282-668E-E4B3-61C5-9807DF1A28D3}"
EndProject
Project("{FAE04EC0-301F-11D3-BF4B-00C04F79EFBC}") = "ReBound", "Assembly-CSharp-Editor-firstpass.csproj", "{96140953-A761-D46F-0562-042C90D535E7}"
EndProject
Global
	GlobalSection(SolutionConfigurationPlatforms) = preSolution
		Debug|Any CPU = Debug|Any CPU
		Release|Any CPU = Release|Any CPU
	EndGlobalSection
	GlobalSection(ProjectConfigurationPlatforms) = postSolution
		{69E4CB7B-05F6-243F-EBFC-377344075DE4}.Debug|Any CPU.ActiveCfg = Debug|Any CPU
		{69E4CB7B-05F6-243F-EBFC-377344075DE4}.Debug|Any CPU.Build.0 = Debug|Any CPU
		{69E4CB7B-05F6-243F-EBFC-377344075DE4}.Release|Any CPU.ActiveCfg = Release|Any CPU
		{69E4CB7B-05F6-243F-EBFC-377344075DE4}.Release|Any CPU.Build.0 = Release|Any CPU
		{6D540282-668E-E4B3-61C5-9807DF1A28D3}.Debug|Any CPU.ActiveCfg = Debug|Any CPU
		{6D540282-668E-E4B3-61C5-9807DF1A28D3}.Debug|Any CPU.Build.0 = Debug|Any CPU
		{6D540282-668E-E4B3-61C5-9807DF1A28D3}.Release|Any CPU.ActiveCfg = Release|Any CPU
		{6D540282-668E-E4B3-61C5-9807DF1A28D3}.Release|Any CPU.Build.0 = Release|Any CPU
		{96140953-A761-D46F-0562-042C90D535E7}.Debug|Any CPU.ActiveCfg = Debug|Any CPU
		{96140953-A761-D46F-0562-042C90D535E7}.Debug|Any CPU.Build.0 = Debug|Any CPU
		{96140953-A761-D46F-0562-042C90D535E7}.Release|Any CPU.ActiveCfg = Release|Any CPU
		{96140953-A761-D46F-0562-042C90D535E7}.Release|Any CPU.Build.0 = Release|Any CPU
	EndGlobalSection
	GlobalSection(SolutionProperties) = preSolution
		HideSolutionNode = FALSE
	EndGlobalSection
	GlobalSection(MonoDevelopProperties) = preSolution
		StartupItem = Assembly-CSharp.csproj
	EndGlobalSection
EndGlobal
